
Microsoft Visual Studio Solution File, Format Version 12.00
# Visual Studio Version 17
VisualStudioVersion = 17.4.33110.190
MinimumVisualStudioVersion = 10.0.40219.1
Project("{9A19103F-16F7-4668-BE54-9A1E7A4F7556}") = "Web3Unity", "Web3Unity\Web3Unity.csproj", "{B7F932C3-0C7F-4976-9856-657358639650}"
EndProject
Project("{9A19103F-16F7-4668-BE54-9A1E7A4F7556}") = "Web3TestApp", "Web3TestApp\Web3TestApp.csproj", "{2EC3D8FC-45FA-4BEB-A3E2-C19D2CB1D311}"
EndProject
Global
	GlobalSection(SolutionConfigurationPlatforms) = preSolution
		Debug|Any CPU = Debug|Any CPU
		Release|Any CPU = Release|Any CPU
	EndGlobalSection
	GlobalSection(ProjectConfigurationPlatforms) = postSolution
		{B7F932C3-0C7F-4976-9856-657358639650}.Debug|Any CPU.ActiveCfg = Debug|Any CPU
		{B7F932C3-0C7F-4976-9856-657358639650}.Debug|Any CPU.Build.0 = Debug|Any CPU
		{B7F932C3-0C7F-4976-9856-657358639650}.Release|Any CPU.ActiveCfg = Release|Any CPU
		{B7F932C3-0C7F-4976-9856-657358639650}.Release|Any CPU.Build.0 = Release|Any CPU
		{2EC3D8FC-45FA-4BEB-A3E2-C19D2CB1D311}.Debug|Any CPU.ActiveCfg = Debug|Any CPU
		{2EC3D8FC-45FA-4BEB-A3E2-C19D2CB1D311}.Debug|Any CPU.Build.0 = Debug|Any CPU
		{2EC3D8FC-45FA-4BEB-A3E2-C19D2CB1D311}.Debug|Any CPU.Deploy.0 = Debug|Any CPU
		{2EC3D8FC-45FA-4BEB-A3E2-C19D2CB1D311}.Release|Any CPU.ActiveCfg = Release|Any CPU
		{2EC3D8FC-45FA-4BEB-A3E2-C19D2CB1D311}.Release|Any CPU.Build.0 = Release|Any CPU
		{2EC3D8FC-45FA-4BEB-A3E2-C19D2CB1D311}.Release|Any CPU.Deploy.0 = Release|Any CPU
	EndGlobalSection
	GlobalSection(SolutionProperties) = preSolution
		HideSolutionNode = FALSE
	EndGlobalSection
	GlobalSection(ExtensibilityGlobals) = postSolution
		SolutionGuid = {E6DB8E89-4986-4424-9E82-EC7757C20736}
	EndGlobalSection
EndGlobal
